{
  "name": "projet_hb_bootcamp",
  "version": "1.0.0",
  "lockfileVersion": 2,
  "requires": true,
  "packages": {
    "": {
      "version": "1.0.0",
      "license": "ISC",
      "dependencies": {
        "node-sass": "npm:null@*"
      }
    },
    "node_modules/node-sass": {}
  },
  "dependencies": {
    "node-sass": {}
  }
}
